
Microsoft Visual Studio Solution File, Format Version 12.00
# Visual Studio Version 16
VisualStudioVersion = 16.0.33529.622
MinimumVisualStudioVersion = 10.0.40219.1
Project("{2150E333-8FDC-42A3-9474-1A3956D46DE8}") = "01-DesckTop", "01-DesckTop", "{87BF47E2-3A20-4D93-9358-5ED2862C3E76}"
EndProject
Project("{FAE04EC0-301F-11D3-BF4B-00C04F79EFBC}") = "EFWinForms.DesckTop", "EFWinForms.DesckTop\EFWinForms.DesckTop.csproj", "{02E4F781-8913-4543-A35C-EAE24234B4EF}"
EndProject
Global
	GlobalSection(SolutionConfigurationPlatforms) = preSolution
		Debug|Any CPU = Debug|Any CPU
		Release|Any CPU = Release|Any CPU
	EndGlobalSection
	GlobalSection(ProjectConfigurationPlatforms) = postSolution
		{02E4F781-8913-4543-A35C-EAE24234B4EF}.Debug|Any CPU.ActiveCfg = Debug|Any CPU
		{02E4F781-8913-4543-A35C-EAE24234B4EF}.Debug|Any CPU.Build.0 = Debug|Any CPU
		{02E4F781-8913-4543-A35C-EAE24234B4EF}.Release|Any CPU.ActiveCfg = Release|Any CPU
		{02E4F781-8913-4543-A35C-EAE24234B4EF}.Release|Any CPU.Build.0 = Release|Any CPU
	EndGlobalSection
	GlobalSection(SolutionProperties) = preSolution
		HideSolutionNode = FALSE
	EndGlobalSection
	GlobalSection(NestedProjects) = preSolution
		{02E4F781-8913-4543-A35C-EAE24234B4EF} = {87BF47E2-3A20-4D93-9358-5ED2862C3E76}
	EndGlobalSection
	GlobalSection(ExtensibilityGlobals) = postSolution
		SolutionGuid = {706AECD0-3F27-4B9C-8922-6DD2B2415A90}
	EndGlobalSection
EndGlobal
